// !$*UTF8*$!
{
	archiveVersion = 1;
	classes = {
	};
	objectVersion = 50;
	objects = {

/* Begin PBXBuildFile section */
		08E19BE921907CDA00D9ACFB /* AppDelegate.swift in Sources */ = {isa = PBXBuildFile; fileRef = 08E19BE821907CDA00D9ACFB /* AppDelegate.swift */; };
		08E19BEB21907CDA00D9ACFB /* ViewController.swift in Sources */ = {isa = PBXBuildFile; fileRef = 08E19BEA21907CDA00D9ACFB /* ViewController.swift */; };
		08E19BEE21907CDA00D9ACFB /* Main.storyboard in Resources */ = {isa = PBXBuildFile; fileRef = 08E19BEC21907CDA00D9ACFB /* Main.storyboard */; };
		08E19BF021907CDB00D9ACFB /* Assets.xcassets in Resources */ = {isa = PBXBuildFile; fileRef = 08E19BEF21907CDB00D9ACFB /* Assets.xcassets */; };
		08E19BF321907CDB00D9ACFB /* LaunchScreen.storyboard in Resources */ = {isa = PBXBuildFile; fileRef = 08E19BF121907CDB00D9ACFB /* LaunchScreen.storyboard */; };
		08E19BFB21907CEA00D9ACFB /* SomeService.swift in Sources */ = {isa = PBXBuildFile; fileRef = 08E19BFA21907CEA00D9ACFB /* SomeService.swift */; };
/* End PBXBuildFile section */

/* Begin PBXFileReference section */
		08E19BE521907CDA00D9ACFB /* DependencyInjectio.app */ = {isa = PBXFileReference; explicitFileType = wrapper.application; includeInIndex = 0; path = DependencyInjectio.app; sourceTree = BUILT_PRODUCTS_DIR; };
		08E19BE821907CDA00D9ACFB /* AppDelegate.swift */ = {isa = PBXFileReference; lastKnownFileType = sourcecode.swift; path = AppDelegate.swift; sourceTree = "<group>"; };
		08E19BEA21907CDA00D9ACFB /* ViewController.swift */ = {isa = PBXFileReference; lastKnownFileType = sourcecode.swift; path = ViewController.swift; sourceTree = "<group>"; };
		08E19BED21907CDA00D9ACFB /* Base */ = {isa = PBXFileReference; lastKnownFileType = file.storyboard; name = Base; path = Base.lproj/Main.storyboard; sourceTree = "<group>"; };
		08E19BEF21907CDB00D9ACFB /* Assets.xcassets */ = {isa = PBXFileReference; lastKnownFileType = folder.assetcatalog; path = Assets.xcassets; sourceTree = "<group>"; };
		08E19BF221907CDB00D9ACFB /* Base */ = {isa = PBXFileReference; lastKnownFileType = file.storyboard; name = Base; path = Base.lproj/LaunchScreen.storyboard; sourceTree = "<group>"; };
		08E19BF421907CDB00D9ACFB /* Info.plist */ = {isa = PBXFileReference; lastKnownFileType = text.plist.xml; path = Info.plist; sourceTree = "<group>"; };
		08E19BFA21907CEA00D9ACFB /* SomeService.swift */ = {isa = PBXFileReference; lastKnownFileType = sourcecode.swift; path = SomeService.swift; sourceTree = "<group>"; };
/* End PBXFileReference section */

/* Begin PBXFrameworksBuildPhase section */
		08E19BE221907CDA00D9ACFB /* Frameworks */ = {
			isa = PBXFrameworksBuildPhase;
			buildActionMask = 2147483647;
			files = (
			);
			runOnlyForDeploymentPostprocessing = 0;
		};
/* End PBXFrameworksBuildPhase section */

/* Begin PBXGroup section */
		08E19BDC21907CD900D9ACFB = {
			isa = PBXGroup;
			children = (
				08E19BFA21907CEA00D9ACFB /* SomeService.swift */,
				08E19BE721907CDA00D9ACFB /* DependencyInjectio */,
				08E19BE621907CDA00D9ACFB /* Products */,
			);
			sourceTree = "<group>";
		};
		08E19BE621907CDA00D9ACFB /* Products */ = {
			isa = PBXGroup;
			children = (
				08E19BE521907CDA00D9ACFB /* DependencyInjectio.app */,
			);
			name = Products;
			sourceTree = "<group>";
		};
		08E19BE721907CDA00D9ACFB /* DependencyInjectio */ = {
			isa = PBXGroup;
			children = (
				08E19BE821907CDA00D9ACFB /* AppDelegate.swift */,
				08E19BEA21907CDA00D9ACFB /* ViewController.swift */,
				08E19BEC21907CDA00D9ACFB /* Main.storyboard */,
				08E19BEF21907CDB00D9ACFB /* Assets.xcassets */,
				08E19BF121907CDB00D9ACFB /* LaunchScreen.storyboard */,
				08E19BF421907CDB00D9ACFB /* Info.plist */,
			);
			path = DependencyInjectio;
			sourceTree = "<group>";
		};
/* End PBXGroup section */

/* Begin PBXNativeTarget section */
		08E19BE421907CDA00D9ACFB /* DependencyInjectio */ = {
			isa = PBXNativeTarget;
			buildConfigurationList = 08E19BF721907CDB00D9ACFB /* Build configuration list for PBXNativeTarget "DependencyInjectio" */;
			buildPhases = (
				08E19BE121907CDA00D9ACFB /* Sources */,
				08E19BE221907CDA00D9ACFB /* Frameworks */,
				08E19BE321907CDA00D9ACFB /* Resources */,
			);
			buildRules = (
			);
			dependencies = (
			);
			name = DependencyInjectio;
			productName = DependencyInjectio;
			productReference = 08E19BE521907CDA00D9ACFB /* DependencyInjectio.app */;
			productType = "com.apple.product-type.application";
		};
/* End PBXNativeTarget section */

/* Begin PBXProject section */
		08E19BDD21907CD900D9ACFB /* Project object */ = {
			isa = PBXProject;
			attributes = {
				LastSwiftUpdateCheck = 1000;
				LastUpgradeCheck = 1000;
				ORGANIZATIONNAME = FullStackNet;
				TargetAttributes = {
					08E19BE421907CDA00D9ACFB = {
						CreatedOnToolsVersion = 10.0;
					};
				};
			};
			buildConfigurationList = 08E19BE021907CD900D9ACFB /* Build configuration list for PBXProject "DependencyInjectio" */;
			compatibilityVersion = "Xcode 9.3";
			developmentRegion = en;
			hasScannedForEncodings = 0;
			knownRegions = (
				en,
				Base,
			);
			mainGroup = 08E19BDC21907CD900D9ACFB;
			productRefGroup = 08E19BE621907CDA00D9ACFB /* Products */;
			projectDirPath = "";
			projectRoot = "";
			targets = (
				08E19BE421907CDA00D9ACFB /* DependencyInjectio */,
			);
		};
/* End PBXProject section */

/* Begin PBXResourcesBuildPhase section */
		08E19BE321907CDA00D9ACFB /* Resources */ = {
			isa = PBXResourcesBuildPhase;
			buildActionMask = 2147483647;
			files = (
				08E19BF321907CDB00D9ACFB /* LaunchScreen.storyboard in Resources */,
				08E19BF021907CDB00D9ACFB /* Assets.xcassets in Resources */,
				08E19BEE21907CDA00D9ACFB /* Main.storyboard in Resources */,
			);
			runOnlyForDeploymentPostprocessing = 0;
		};
/* End PBXResourcesBuildPhase section */

/* Begin PBXSourcesBuildPhase section */
		08E19BE121907CDA00D9ACFB /* Sources */ = {
			isa = PBXSourcesBuildPhase;
			buildActionMask = 2147483647;
			files = (
				08E19BFB21907CEA00D9ACFB /* SomeService.swift in Sources */,
				08E19BEB21907CDA00D9ACFB /* ViewController.swift in Sources */,
				08E19BE921907CDA00D9ACFB /* AppDelegate.swift in Sources */,
			);
			runOnlyForDeploymentPostprocessing = 0;
		};
/* End PBXSourcesBuildPhase section */

/* Begin PBXVariantGroup section */
		08E19BEC21907CDA00D9ACFB /* Main.storyboard */ = {
			isa = PBXVariantGroup;
			children = (
				08E19BED21907CDA00D9ACFB /* Base */,
			);
			name = Main.storyboard;
			sourceTree = "<group>";
		};
		08E19BF121907CDB00D9ACFB /* LaunchScreen.storyboard */ = {
			isa = PBXVariantGroup;
			children = (
				08E19BF221907CDB00D9ACFB /* Base */,
			);
			name = LaunchScreen.storyboard;
			sourceTree = "<group>";
		};
/* End PBXVariantGroup section */

/* Begin XCBuildConfiguration section */
		08E19BF521907CDB00D9ACFB /* Debug */ = {
			isa = XCBuildConfiguration;
			buildSettings = {
				ALWAYS_SEARCH_USER_PATHS = NO;
				CLANG_ANALYZER_NONNULL = YES;
				CLANG_ANALYZER_NUMBER_OBJECT_CONVERSION = YES_AGGRESSIVE;
				CLANG_CXX_LANGUAGE_STANDARD = "gnu++14";
				CLANG_CXX_LIBRARY = "libc++";
				CLANG_ENABLE_MODULES = YES;
				CLANG_ENABLE_OBJC_ARC = YES;
				CLANG_ENABLE_OBJC_WEAK = YES;
				CLANG_WARN_BLOCK_CAPTURE_AUTORELEASING = YES;
				CLANG_WARN_BOOL_CONVERSION = YES;
				CLANG_WARN_COMMA = YES;
				CLANG_WARN_CONSTANT_CONVERSION = YES;
				CLANG_WARN_DEPRECATED_OBJC_IMPLEMENTATIONS = YES;
				CLANG_WARN_DIRECT_OBJC_ISA_USAGE = YES_ERROR;
				CLANG_WARN_DOCUMENTATION_COMMENTS = YES;
				CLANG_WARN_EMPTY_BODY = YES;
				CLANG_WARN_ENUM_CONVERSION = YES;
				CLANG_WARN_INFINITE_RECURSION = YES;
				CLANG_WARN_INT_CONVERSION = YES;
				CLANG_WARN_NON_LITERAL_NULL_CONVERSION = YES;
				CLANG_WARN_OBJC_IMPLICIT_RETAIN_SELF = YES;
				CLANG_WARN_OBJC_LITERAL_CONVERSION = YES;
				CLANG_WARN_OBJC_ROOT_CLASS = YES_ERROR;
				CLANG_WARN_RANGE_LOOP_ANALYSIS = YES;
				CLANG_WARN_STRICT_PROTOTYPES = YES;
				CLANG_WARN_SUSPICIOUS_MOVE = YES;
				CLANG_WARN_UNGUARDED_AVAILABILITY = YES_AGGRESSIVE;
				CLANG_WARN_UNREACHABLE_CODE = YES;
				CLANG_WARN__DUPLICATE_METHOD_MATCH = YES;
				CODE_SIGN_IDENTITY = "iPhone Developer";
				COPY_PHASE_STRIP = NO;
				DEBUG_INFORMATION_FORMAT = dwarf;
				ENABLE_STRICT_OBJC_MSGSEND = YES;
				ENABLE_TESTABILITY = YES;
				GCC_C_LANGUAGE_STANDARD = gnu11;
				GCC_DYNAMIC_NO_PIC = NO;
				GCC_NO_COMMON_BLOCKS = YES;
				GCC_OPTIMIZATION_LEVEL = 0;
				GCC_PREPROCESSOR_DEFINITIONS = (
					"DEBUG=1",
					"$(inherited)",
				);
				GCC_WARN_64_TO_32_BIT_CONVERSION = YES;
				GCC_WARN_ABOUT_RETURN_TYPE = YES_ERROR;
				GCC_WARN_UNDECLARED_SELECTOR = YES;
				GCC_WARN_UNINITIALIZED_AUTOS = YES_AGGRESSIVE;
				GCC_WARN_UNUSED_FUNCTION = YES;
				GCC_WARN_UNUSED_VARIABLE = YES;
				IPHONEOS_DEPLOYMENT_TARGET = 12.0;
				MTL_ENABLE_DEBUG_INFO = INCLUDE_SOURCE;
				MTL_FAST_MATH = YES;
				ONLY_ACTIVE_ARCH = YES;
				SDKROOT = iphoneos;
				SWIFT_ACTIVE_COMPILATION_CONDITIONS = DEBUG;
				SWIFT_OPTIMIZATION_LEVEL = "-Onone";
			};
			name = Debug;
		};
		08E19BF621907CDB00D9ACFB /* Release */ = {
			isa = XCBuildConfiguration;
			buildSettings = {
				ALWAYS_SEARCH_USER_PATHS = NO;
				CLANG_ANALYZER_NONNULL = YES;
				CLANG_ANALYZER_NUMBER_OBJECT_CONVERSION = YES_AGGRESSIVE;
				CLANG_CXX_LANGUAGE_STANDARD = "gnu++14";
				CLANG_CXX_LIBRARY = "libc++";
				CLANG_ENABLE_MODULES = YES;
				CLANG_ENABLE_OBJC_ARC = YES;
				CLANG_ENABLE_OBJC_WEAK = YES;
				CLANG_WARN_BLOCK_CAPTURE_AUTORELEASING = YES;
				CLANG_WARN_BOOL_CONVERSION = YES;
				CLANG_WARN_COMMA = YES;
				CLANG_WARN_CONSTANT_CONVERSION = YES;
				CLANG_WARN_DEPRECATED_OBJC_IMPLEMENTATIONS = YES;
				CLANG_WARN_DIRECT_OBJC_ISA_USAGE = YES_ERROR;
				CLANG_WARN_DOCUMENTATION_COMMENTS = YES;
				CLANG_WARN_EMPTY_BODY = YES;
				CLANG_WARN_ENUM_CONVERSION = YES;
				CLANG_WARN_INFINITE_RECURSION = YES;
				CLANG_WARN_INT_CONVERSION = YES;
				CLANG_WARN_NON_LITERAL_NULL_CONVERSION = YES;
				CLANG_WARN_OBJC_IMPLICIT_RETAIN_SELF = YES;
				CLANG_WARN_OBJC_LITERAL_CONVERSION = YES;
				CLANG_WARN_OBJC_ROOT_CLASS = YES_ERROR;
				CLANG_WARN_RANGE_LOOP_ANALYSIS = YES;
				CLANG_WARN_STRICT_PROTOTYPES = YES;
				CLANG_WARN_SUSPICIOUS_MOVE = YES;
				CLANG_WARN_UNGUARDED_AVAILABILITY = YES_AGGRESSIVE;
				CLANG_WARN_UNREACHABLE_CODE = YES;
				CLANG_WARN__DUPLICATE_METHOD_MATCH = YES;
				CODE_SIGN_IDENTITY = "iPhone Developer";
				COPY_PHASE_STRIP = NO;
				DEBUG_INFORMATION_FORMAT = "dwarf-with-dsym";
				ENABLE_NS_ASSERTIONS = NO;
				ENABLE_STRICT_OBJC_MSGSEND = YES;
				GCC_C_LANGUAGE_STANDARD = gnu11;
				GCC_NO_COMMON_BLOCKS = YES;
				GCC_WARN_64_TO_32_BIT_CONVERSION = YES;
				GCC_WARN_ABOUT_RETURN_TYPE = YES_ERROR;
				GCC_WARN_UNDECLARED_SELECTOR = YES;
				GCC_WARN_UNINITIALIZED_AUTOS = YES_AGGRESSIVE;
				GCC_WARN_UNUSED_FUNCTION = YES;
				GCC_WARN_UNUSED_VARIABLE = YES;
				IPHONEOS_DEPLOYMENT_TARGET = 12.0;
				MTL_ENABLE_DEBUG_INFO = NO;
				MTL_FAST_MATH = YES;
				SDKROOT = iphoneos;
				SWIFT_COMPILATION_MODE = wholemodule;
				SWIFT_OPTIMIZATION_LEVEL = "-O";
				VALIDATE_PRODUCT = YES;
			};
			name = Release;
		};
		08E19BF821907CDB00D9ACFB /* Debug */ = {
			isa = XCBuildConfiguration;
			buildSettings = {
				ASSETCATALOG_COMPILER_APPICON_NAME = AppIcon;
				CODE_SIGN_STYLE = Automatic;
				DEVELOPMENT_TEAM = Q92USUJGJG;
				INFOPLIST_FILE = DependencyInjectio/Info.plist;
				LD_RUNPATH_SEARCH_PATHS = (
					"$(inherited)",
					"@executable_path/Frameworks",
				);
				PRODUCT_BUNDLE_IDENTIFIER = com.fullstacknet.DependencyInjectio;
				PRODUCT_NAME = "$(TARGET_NAME)";
				SWIFT_VERSION = 4.2;
				TARGETED_DEVICE_FAMILY = "1,2";
			};
			name = Debug;
		};
		08E19BF921907CDB00D9ACFB /* Release */ = {
			isa = XCBuildConfiguration;
			buildSettings = {
				ASSETCATALOG_COMPILER_APPICON_NAME = AppIcon;
				CODE_SIGN_STYLE = Automatic;
				DEVELOPMENT_TEAM = Q92USUJGJG;
				INFOPLIST_FILE = DependencyInjectio/Info.plist;
				LD_RUNPATH_SEARCH_PATHS = (
					"$(inherited)",
					"@executable_path/Frameworks",
				);
				PRODUCT_BUNDLE_IDENTIFIER = com.fullstacknet.DependencyInjectio;
				PRODUCT_NAME = "$(TARGET_NAME)";
				SWIFT_VERSION = 4.2;
				TARGETED_DEVICE_FAMILY = "1,2";
			};
			name = Release;
		};
/* End XCBuildConfiguration section */

/* Begin XCConfigurationList section */
		08E19BE021907CD900D9ACFB /* Build configuration list for PBXProject "DependencyInjectio" */ = {
			isa = XCConfigurationList;
			buildConfigurations = (
				08E19BF521907CDB00D9ACFB /* Debug */,
				08E19BF621907CDB00D9ACFB /* Release */,
			);
			defaultConfigurationIsVisible = 0;
			defaultConfigurationName = Release;
		};
		08E19BF721907CDB00D9ACFB /* Build configuration list for PBXNativeTarget "DependencyInjectio" */ = {
			isa = XCConfigurationList;
			buildConfigurations = (
				08E19BF821907CDB00D9ACFB /* Debug */,
				08E19BF921907CDB00D9ACFB /* Release */,
			);
			defaultConfigurationIsVisible = 0;
			defaultConfigurationName = Release;
		};
/* End XCConfigurationList section */
	};
	rootObject = 08E19BDD21907CD900D9ACFB /* Project object */;
}
